
Microsoft Visual Studio Solution File, Format Version 12.00
# Visual Studio Version 16
VisualStudioVersion = 16.0.29424.173
MinimumVisualStudioVersion = 10.0.40219.1
Project("{FAE04EC0-301F-11D3-BF4B-00C04F79EFBC}") = "WebApplicationShop", "WebApplicationShop\WebApplicationShop.csproj", "{2ECF8DF4-16E8-4FAB-B84C-EE94FCEC362E}"
EndProject
Global
	GlobalSection(SolutionConfigurationPlatforms) = preSolution
		Debug|Any CPU = Debug|Any CPU
		Release|Any CPU = Release|Any CPU
	EndGlobalSection
	GlobalSection(ProjectConfigurationPlatforms) = postSolution
		{2ECF8DF4-16E8-4FAB-B84C-EE94FCEC362E}.Debug|Any CPU.ActiveCfg = Debug|Any CPU
		{2ECF8DF4-16E8-4FAB-B84C-EE94FCEC362E}.Debug|Any CPU.Build.0 = Debug|Any CPU
		{2ECF8DF4-16E8-4FAB-B84C-EE94FCEC362E}.Release|Any CPU.ActiveCfg = Release|Any CPU
		{2ECF8DF4-16E8-4FAB-B84C-EE94FCEC362E}.Release|Any CPU.Build.0 = Release|Any CPU
	EndGlobalSection
	GlobalSection(SolutionProperties) = preSolution
		HideSolutionNode = FALSE
	EndGlobalSection
	GlobalSection(ExtensibilityGlobals) = postSolution
		SolutionGuid = {108658BC-2FB6-4245-942B-AD94B5BD89A8}
	EndGlobalSection
EndGlobal
